// !$*UTF8*$!
{
	archiveVersion = 1;
	classes = {
	};
	objectVersion = 50;
	objects = {

/* Begin PBXBuildFile section */
		09F88665226DD6630079F773 /* AppDelegate.m in Sources */ = {isa = PBXBuildFile; fileRef = 09F88664226DD6630079F773 /* AppDelegate.m */; };
		09F88668226DD6630079F773 /* ViewController.m in Sources */ = {isa = PBXBuildFile; fileRef = 09F88667226DD6630079F773 /* ViewController.m */; };
		09F8866B226DD6630079F773 /* Main.storyboard in Resources */ = {isa = PBXBuildFile; fileRef = 09F88669226DD6630079F773 /* Main.storyboard */; };
		09F8866D226DD6650079F773 /* Assets.xcassets in Resources */ = {isa = PBXBuildFile; fileRef = 09F8866C226DD6650079F773 /* Assets.xcassets */; };
		09F88670226DD6650079F773 /* LaunchScreen.storyboard in Resources */ = {isa = PBXBuildFile; fileRef = 09F8866E226DD6650079F773 /* LaunchScreen.storyboard */; };
		09F88673226DD6650079F773 /* main.m in Sources */ = {isa = PBXBuildFile; fileRef = 09F88672226DD6650079F773 /* main.m */; };
		09F8867B226DD6850079F773 /* UIViewController+swizzle.m in Sources */ = {isa = PBXBuildFile; fileRef = 09F8867A226DD6850079F773 /* UIViewController+swizzle.m */; };
		09F88690226EF3680079F773 /* Animals.m in Sources */ = {isa = PBXBuildFile; fileRef = 09F8868F226EF3680079F773 /* Animals.m */; };
		09F88693226EF3960079F773 /* Dog.m in Sources */ = {isa = PBXBuildFile; fileRef = 09F88692226EF3960079F773 /* Dog.m */; };
		09F88696226EFD510079F773 /* Animals+Run.m in Sources */ = {isa = PBXBuildFile; fileRef = 09F88695226EFD510079F773 /* Animals+Run.m */; };
		09F88699226F0A210079F773 /* MutableDictionary.m in Sources */ = {isa = PBXBuildFile; fileRef = 09F88698226F0A210079F773 /* MutableDictionary.m */; };
		09F8869C226F2A9F0079F773 /* UIButton+QuickClick.m in Sources */ = {isa = PBXBuildFile; fileRef = 09F8869B226F2A9F0079F773 /* UIButton+QuickClick.m */; };
/* End PBXBuildFile section */

/* Begin PBXFileReference section */
		09F88660226DD6630079F773 /* pwnTest.app */ = {isa = PBXFileReference; explicitFileType = wrapper.application; includeInIndex = 0; path = pwnTest.app; sourceTree = BUILT_PRODUCTS_DIR; };
		09F88663226DD6630079F773 /* AppDelegate.h */ = {isa = PBXFileReference; lastKnownFileType = sourcecode.c.h; path = AppDelegate.h; sourceTree = "<group>"; };
		09F88664226DD6630079F773 /* AppDelegate.m */ = {isa = PBXFileReference; lastKnownFileType = sourcecode.c.objc; path = AppDelegate.m; sourceTree = "<group>"; };
		09F88666226DD6630079F773 /* ViewController.h */ = {isa = PBXFileReference; lastKnownFileType = sourcecode.c.h; path = ViewController.h; sourceTree = "<group>"; };
		09F88667226DD6630079F773 /* ViewController.m */ = {isa = PBXFileReference; lastKnownFileType = sourcecode.c.objc; path = ViewController.m; sourceTree = "<group>"; };
		09F8866A226DD6630079F773 /* Base */ = {isa = PBXFileReference; lastKnownFileType = file.storyboard; name = Base; path = Base.lproj/Main.storyboard; sourceTree = "<group>"; };
		09F8866C226DD6650079F773 /* Assets.xcassets */ = {isa = PBXFileReference; lastKnownFileType = folder.assetcatalog; path = Assets.xcassets; sourceTree = "<group>"; };
		09F8866F226DD6650079F773 /* Base */ = {isa = PBXFileReference; lastKnownFileType = file.storyboard; name = Base; path = Base.lproj/LaunchScreen.storyboard; sourceTree = "<group>"; };
		09F88671226DD6650079F773 /* Info.plist */ = {isa = PBXFileReference; lastKnownFileType = text.plist.xml; path = Info.plist; sourceTree = "<group>"; };
		09F88672226DD6650079F773 /* main.m */ = {isa = PBXFileReference; lastKnownFileType = sourcecode.c.objc; path = main.m; sourceTree = "<group>"; };
		09F88679226DD6850079F773 /* UIViewController+swizzle.h */ = {isa = PBXFileReference; lastKnownFileType = sourcecode.c.h; path = "UIViewController+swizzle.h"; sourceTree = "<group>"; };
		09F8867A226DD6850079F773 /* UIViewController+swizzle.m */ = {isa = PBXFileReference; lastKnownFileType = sourcecode.c.objc; path = "UIViewController+swizzle.m"; sourceTree = "<group>"; };
		09F8868E226EF3680079F773 /* Animals.h */ = {isa = PBXFileReference; lastKnownFileType = sourcecode.c.h; path = Animals.h; sourceTree = "<group>"; };
		09F8868F226EF3680079F773 /* Animals.m */ = {isa = PBXFileReference; lastKnownFileType = sourcecode.c.objc; path = Animals.m; sourceTree = "<group>"; };
		09F88691226EF3960079F773 /* Dog.h */ = {isa = PBXFileReference; lastKnownFileType = sourcecode.c.h; path = Dog.h; sourceTree = "<group>"; };
		09F88692226EF3960079F773 /* Dog.m */ = {isa = PBXFileReference; lastKnownFileType = sourcecode.c.objc; path = Dog.m; sourceTree = "<group>"; };
		09F88694226EFD510079F773 /* Animals+Run.h */ = {isa = PBXFileReference; lastKnownFileType = sourcecode.c.h; path = "Animals+Run.h"; sourceTree = "<group>"; };
		09F88695226EFD510079F773 /* Animals+Run.m */ = {isa = PBXFileReference; lastKnownFileType = sourcecode.c.objc; path = "Animals+Run.m"; sourceTree = "<group>"; };
		09F88697226F0A210079F773 /* MutableDictionary.h */ = {isa = PBXFileReference; lastKnownFileType = sourcecode.c.h; path = MutableDictionary.h; sourceTree = "<group>"; };
		09F88698226F0A210079F773 /* MutableDictionary.m */ = {isa = PBXFileReference; lastKnownFileType = sourcecode.c.objc; path = MutableDictionary.m; sourceTree = "<group>"; };
		09F8869A226F2A9F0079F773 /* UIButton+QuickClick.h */ = {isa = PBXFileReference; lastKnownFileType = sourcecode.c.h; path = "UIButton+QuickClick.h"; sourceTree = "<group>"; };
		09F8869B226F2A9F0079F773 /* UIButton+QuickClick.m */ = {isa = PBXFileReference; lastKnownFileType = sourcecode.c.objc; path = "UIButton+QuickClick.m"; sourceTree = "<group>"; };
/* End PBXFileReference section */

/* Begin PBXFrameworksBuildPhase section */
		09F8865D226DD6630079F773 /* Frameworks */ = {
			isa = PBXFrameworksBuildPhase;
			buildActionMask = 2147483647;
			files = (
			);
			runOnlyForDeploymentPostprocessing = 0;
		};
/* End PBXFrameworksBuildPhase section */

/* Begin PBXGroup section */
		09F88657226DD6630079F773 = {
			isa = PBXGroup;
			children = (
				09F88662226DD6630079F773 /* pwnTest */,
				09F88661226DD6630079F773 /* Products */,
			);
			sourceTree = "<group>";
		};
		09F88661226DD6630079F773 /* Products */ = {
			isa = PBXGroup;
			children = (
				09F88660226DD6630079F773 /* pwnTest.app */,
			);
			name = Products;
			sourceTree = "<group>";
		};
		09F88662226DD6630079F773 /* pwnTest */ = {
			isa = PBXGroup;
			children = (
				09F88663226DD6630079F773 /* AppDelegate.h */,
				09F88664226DD6630079F773 /* AppDelegate.m */,
				09F88666226DD6630079F773 /* ViewController.h */,
				09F88667226DD6630079F773 /* ViewController.m */,
				09F88679226DD6850079F773 /* UIViewController+swizzle.h */,
				09F8867A226DD6850079F773 /* UIViewController+swizzle.m */,
				09F8868E226EF3680079F773 /* Animals.h */,
				09F8868F226EF3680079F773 /* Animals.m */,
				09F88694226EFD510079F773 /* Animals+Run.h */,
				09F88695226EFD510079F773 /* Animals+Run.m */,
				09F88697226F0A210079F773 /* MutableDictionary.h */,
				09F88698226F0A210079F773 /* MutableDictionary.m */,
				09F8869A226F2A9F0079F773 /* UIButton+QuickClick.h */,
				09F8869B226F2A9F0079F773 /* UIButton+QuickClick.m */,
				09F88691226EF3960079F773 /* Dog.h */,
				09F88692226EF3960079F773 /* Dog.m */,
				09F88669226DD6630079F773 /* Main.storyboard */,
				09F8866C226DD6650079F773 /* Assets.xcassets */,
				09F8866E226DD6650079F773 /* LaunchScreen.storyboard */,
				09F88671226DD6650079F773 /* Info.plist */,
				09F88672226DD6650079F773 /* main.m */,
			);
			path = pwnTest;
			sourceTree = "<group>";
		};
/* End PBXGroup section */

/* Begin PBXNativeTarget section */
		09F8865F226DD6630079F773 /* pwnTest */ = {
			isa = PBXNativeTarget;
			buildConfigurationList = 09F88676226DD6650079F773 /* Build configuration list for PBXNativeTarget "pwnTest" */;
			buildPhases = (
				09F8865C226DD6630079F773 /* Sources */,
				09F8865D226DD6630079F773 /* Frameworks */,
				09F8865E226DD6630079F773 /* Resources */,
			);
			buildRules = (
			);
			dependencies = (
			);
			name = pwnTest;
			productName = pwnTest;
			productReference = 09F88660226DD6630079F773 /* pwnTest.app */;
			productType = "com.apple.product-type.application";
		};
/* End PBXNativeTarget section */

/* Begin PBXProject section */
		09F88658226DD6630079F773 /* Project object */ = {
			isa = PBXProject;
			attributes = {
				LastUpgradeCheck = 1020;
				ORGANIZATIONNAME = pwn;
				TargetAttributes = {
					09F8865F226DD6630079F773 = {
						CreatedOnToolsVersion = 10.2;
					};
				};
			};
			buildConfigurationList = 09F8865B226DD6630079F773 /* Build configuration list for PBXProject "pwnTest" */;
			compatibilityVersion = "Xcode 9.3";
			developmentRegion = en;
			hasScannedForEncodings = 0;
			knownRegions = (
				en,
				Base,
			);
			mainGroup = 09F88657226DD6630079F773;
			productRefGroup = 09F88661226DD6630079F773 /* Products */;
			projectDirPath = "";
			projectRoot = "";
			targets = (
				09F8865F226DD6630079F773 /* pwnTest */,
			);
		};
/* End PBXProject section */

/* Begin PBXResourcesBuildPhase section */
		09F8865E226DD6630079F773 /* Resources */ = {
			isa = PBXResourcesBuildPhase;
			buildActionMask = 2147483647;
			files = (
				09F88670226DD6650079F773 /* LaunchScreen.storyboard in Resources */,
				09F8866D226DD6650079F773 /* Assets.xcassets in Resources */,
				09F8866B226DD6630079F773 /* Main.storyboard in Resources */,
			);
			runOnlyForDeploymentPostprocessing = 0;
		};
/* End PBXResourcesBuildPhase section */

/* Begin PBXSourcesBuildPhase section */
		09F8865C226DD6630079F773 /* Sources */ = {
			isa = PBXSourcesBuildPhase;
			buildActionMask = 2147483647;
			files = (
				09F88693226EF3960079F773 /* Dog.m in Sources */,
				09F88696226EFD510079F773 /* Animals+Run.m in Sources */,
				09F88668226DD6630079F773 /* ViewController.m in Sources */,
				09F88699226F0A210079F773 /* MutableDictionary.m in Sources */,
				09F88690226EF3680079F773 /* Animals.m in Sources */,
				09F8869C226F2A9F0079F773 /* UIButton+QuickClick.m in Sources */,
				09F8867B226DD6850079F773 /* UIViewController+swizzle.m in Sources */,
				09F88673226DD6650079F773 /* main.m in Sources */,
				09F88665226DD6630079F773 /* AppDelegate.m in Sources */,
			);
			runOnlyForDeploymentPostprocessing = 0;
		};
/* End PBXSourcesBuildPhase section */

/* Begin PBXVariantGroup section */
		09F88669226DD6630079F773 /* Main.storyboard */ = {
			isa = PBXVariantGroup;
			children = (
				09F8866A226DD6630079F773 /* Base */,
			);
			name = Main.storyboard;
			sourceTree = "<group>";
		};
		09F8866E226DD6650079F773 /* LaunchScreen.storyboard */ = {
			isa = PBXVariantGroup;
			children = (
				09F8866F226DD6650079F773 /* Base */,
			);
			name = LaunchScreen.storyboard;
			sourceTree = "<group>";
		};
/* End PBXVariantGroup section */

/* Begin XCBuildConfiguration section */
		09F88674226DD6650079F773 /* Debug */ = {
			isa = XCBuildConfiguration;
			buildSettings = {
				ALWAYS_SEARCH_USER_PATHS = NO;
				CLANG_ANALYZER_NONNULL = YES;
				CLANG_ANALYZER_NUMBER_OBJECT_CONVERSION = YES_AGGRESSIVE;
				CLANG_CXX_LANGUAGE_STANDARD = "gnu++14";
				CLANG_CXX_LIBRARY = "libc++";
				CLANG_ENABLE_MODULES = YES;
				CLANG_ENABLE_OBJC_ARC = YES;
				CLANG_ENABLE_OBJC_WEAK = YES;
				CLANG_WARN_BLOCK_CAPTURE_AUTORELEASING = YES;
				CLANG_WARN_BOOL_CONVERSION = YES;
				CLANG_WARN_COMMA = YES;
				CLANG_WARN_CONSTANT_CONVERSION = YES;
				CLANG_WARN_DEPRECATED_OBJC_IMPLEMENTATIONS = YES;
				CLANG_WARN_DIRECT_OBJC_ISA_USAGE = YES_ERROR;
				CLANG_WARN_DOCUMENTATION_COMMENTS = YES;
				CLANG_WARN_EMPTY_BODY = YES;
				CLANG_WARN_ENUM_CONVERSION = YES;
				CLANG_WARN_INFINITE_RECURSION = YES;
				CLANG_WARN_INT_CONVERSION = YES;
				CLANG_WARN_NON_LITERAL_NULL_CONVERSION = YES;
				CLANG_WARN_OBJC_IMPLICIT_RETAIN_SELF = YES;
				CLANG_WARN_OBJC_LITERAL_CONVERSION = YES;
				CLANG_WARN_OBJC_ROOT_CLASS = YES_ERROR;
				CLANG_WARN_RANGE_LOOP_ANALYSIS = YES;
				CLANG_WARN_STRICT_PROTOTYPES = YES;
				CLANG_WARN_SUSPICIOUS_MOVE = YES;
				CLANG_WARN_UNGUARDED_AVAILABILITY = YES_AGGRESSIVE;
				CLANG_WARN_UNREACHABLE_CODE = YES;
				CLANG_WARN__DUPLICATE_METHOD_MATCH = YES;
				CODE_SIGN_IDENTITY = "iPhone Developer";
				COPY_PHASE_STRIP = NO;
				DEBUG_INFORMATION_FORMAT = dwarf;
				ENABLE_STRICT_OBJC_MSGSEND = YES;
				ENABLE_TESTABILITY = YES;
				GCC_C_LANGUAGE_STANDARD = gnu11;
				GCC_DYNAMIC_NO_PIC = NO;
				GCC_NO_COMMON_BLOCKS = YES;
				GCC_OPTIMIZATION_LEVEL = 0;
				GCC_PREPROCESSOR_DEFINITIONS = (
					"DEBUG=1",
					"$(inherited)",
				);
				GCC_WARN_64_TO_32_BIT_CONVERSION = YES;
				GCC_WARN_ABOUT_RETURN_TYPE = YES_ERROR;
				GCC_WARN_UNDECLARED_SELECTOR = YES;
				GCC_WARN_UNINITIALIZED_AUTOS = YES_AGGRESSIVE;
				GCC_WARN_UNUSED_FUNCTION = YES;
				GCC_WARN_UNUSED_VARIABLE = YES;
				IPHONEOS_DEPLOYMENT_TARGET = 12.2;
				MTL_ENABLE_DEBUG_INFO = INCLUDE_SOURCE;
				MTL_FAST_MATH = YES;
				ONLY_ACTIVE_ARCH = YES;
				SDKROOT = iphoneos;
			};
			name = Debug;
		};
		09F88675226DD6650079F773 /* Release */ = {
			isa = XCBuildConfiguration;
			buildSettings = {
				ALWAYS_SEARCH_USER_PATHS = NO;
				CLANG_ANALYZER_NONNULL = YES;
				CLANG_ANALYZER_NUMBER_OBJECT_CONVERSION = YES_AGGRESSIVE;
				CLANG_CXX_LANGUAGE_STANDARD = "gnu++14";
				CLANG_CXX_LIBRARY = "libc++";
				CLANG_ENABLE_MODULES = YES;
				CLANG_ENABLE_OBJC_ARC = YES;
				CLANG_ENABLE_OBJC_WEAK = YES;
				CLANG_WARN_BLOCK_CAPTURE_AUTORELEASING = YES;
				CLANG_WARN_BOOL_CONVERSION = YES;
				CLANG_WARN_COMMA = YES;
				CLANG_WARN_CONSTANT_CONVERSION = YES;
				CLANG_WARN_DEPRECATED_OBJC_IMPLEMENTATIONS = YES;
				CLANG_WARN_DIRECT_OBJC_ISA_USAGE = YES_ERROR;
				CLANG_WARN_DOCUMENTATION_COMMENTS = YES;
				CLANG_WARN_EMPTY_BODY = YES;
				CLANG_WARN_ENUM_CONVERSION = YES;
				CLANG_WARN_INFINITE_RECURSION = YES;
				CLANG_WARN_INT_CONVERSION = YES;
				CLANG_WARN_NON_LITERAL_NULL_CONVERSION = YES;
				CLANG_WARN_OBJC_IMPLICIT_RETAIN_SELF = YES;
				CLANG_WARN_OBJC_LITERAL_CONVERSION = YES;
				CLANG_WARN_OBJC_ROOT_CLASS = YES_ERROR;
				CLANG_WARN_RANGE_LOOP_ANALYSIS = YES;
				CLANG_WARN_STRICT_PROTOTYPES = YES;
				CLANG_WARN_SUSPICIOUS_MOVE = YES;
				CLANG_WARN_UNGUARDED_AVAILABILITY = YES_AGGRESSIVE;
				CLANG_WARN_UNREACHABLE_CODE = YES;
				CLANG_WARN__DUPLICATE_METHOD_MATCH = YES;
				CODE_SIGN_IDENTITY = "iPhone Developer";
				COPY_PHASE_STRIP = NO;
				DEBUG_INFORMATION_FORMAT = "dwarf-with-dsym";
				ENABLE_NS_ASSERTIONS = NO;
				ENABLE_STRICT_OBJC_MSGSEND = YES;
				GCC_C_LANGUAGE_STANDARD = gnu11;
				GCC_NO_COMMON_BLOCKS = YES;
				GCC_WARN_64_TO_32_BIT_CONVERSION = YES;
				GCC_WARN_ABOUT_RETURN_TYPE = YES_ERROR;
				GCC_WARN_UNDECLARED_SELECTOR = YES;
				GCC_WARN_UNINITIALIZED_AUTOS = YES_AGGRESSIVE;
				GCC_WARN_UNUSED_FUNCTION = YES;
				GCC_WARN_UNUSED_VARIABLE = YES;
				IPHONEOS_DEPLOYMENT_TARGET = 12.2;
				MTL_ENABLE_DEBUG_INFO = NO;
				MTL_FAST_MATH = YES;
				SDKROOT = iphoneos;
				VALIDATE_PRODUCT = YES;
			};
			name = Release;
		};
		09F88677226DD6650079F773 /* Debug */ = {
			isa = XCBuildConfiguration;
			buildSettings = {
				ASSETCATALOG_COMPILER_APPICON_NAME = AppIcon;
				CODE_SIGN_STYLE = Automatic;
				DEVELOPMENT_TEAM = W4L544N9Q9;
				INFOPLIST_FILE = pwnTest/Info.plist;
				LD_RUNPATH_SEARCH_PATHS = (
					"$(inherited)",
					"@executable_path/Frameworks",
				);
				PRODUCT_BUNDLE_IDENTIFIER = wernerpeng.pwnTestingstar;
				PRODUCT_NAME = "$(TARGET_NAME)";
				TARGETED_DEVICE_FAMILY = "1,2";
			};
			name = Debug;
		};
		09F88678226DD6650079F773 /* Release */ = {
			isa = XCBuildConfiguration;
			buildSettings = {
				ASSETCATALOG_COMPILER_APPICON_NAME = AppIcon;
				CODE_SIGN_STYLE = Automatic;
				DEVELOPMENT_TEAM = W4L544N9Q9;
				INFOPLIST_FILE = pwnTest/Info.plist;
				LD_RUNPATH_SEARCH_PATHS = (
					"$(inherited)",
					"@executable_path/Frameworks",
				);
				PRODUCT_BUNDLE_IDENTIFIER = wernerpeng.pwnTestingstar;
				PRODUCT_NAME = "$(TARGET_NAME)";
				TARGETED_DEVICE_FAMILY = "1,2";
			};
			name = Release;
		};
/* End XCBuildConfiguration section */

/* Begin XCConfigurationList section */
		09F8865B226DD6630079F773 /* Build configuration list for PBXProject "pwnTest" */ = {
			isa = XCConfigurationList;
			buildConfigurations = (
				09F88674226DD6650079F773 /* Debug */,
				09F88675226DD6650079F773 /* Release */,
			);
			defaultConfigurationIsVisible = 0;
			defaultConfigurationName = Release;
		};
		09F88676226DD6650079F773 /* Build configuration list for PBXNativeTarget "pwnTest" */ = {
			isa = XCConfigurationList;
			buildConfigurations = (
				09F88677226DD6650079F773 /* Debug */,
				09F88678226DD6650079F773 /* Release */,
			);
			defaultConfigurationIsVisible = 0;
			defaultConfigurationName = Release;
		};
/* End XCConfigurationList section */
	};
	rootObject = 09F88658226DD6630079F773 /* Project object */;
}
